// !$*UTF8*$!
{
	archiveVersion = 1;
	classes = {
	};
	objectVersion = 50;
	objects = {

/* Begin PBXBuildFile section */
		4E45AF46211B83FC00DD50FC /* AppDelegate.swift in Sources */ = {isa = PBXBuildFile; fileRef = 4E45AF45211B83FC00DD50FC /* AppDelegate.swift */; };
		4E45AF48211B83FD00DD50FC /* LoginViewController.swift in Sources */ = {isa = PBXBuildFile; fileRef = 4E45AF47211B83FD00DD50FC /* LoginViewController.swift */; };
		4E45AF4A211B840100DD50FC /* Assets.xcassets in Resources */ = {isa = PBXBuildFile; fileRef = 4E45AF49211B840100DD50FC /* Assets.xcassets */; };
		4E45AF4D211B840100DD50FC /* Main.storyboard in Resources */ = {isa = PBXBuildFile; fileRef = 4E45AF4B211B840100DD50FC /* Main.storyboard */; };
		4E45AF59211B840100DD50FC /* ToySpotyMacTests.swift in Sources */ = {isa = PBXBuildFile; fileRef = 4E45AF58211B840100DD50FC /* ToySpotyMacTests.swift */; };
		4E45AF64211B840100DD50FC /* ToySpotyMacUITests.swift in Sources */ = {isa = PBXBuildFile; fileRef = 4E45AF63211B840100DD50FC /* ToySpotyMacUITests.swift */; };
		4E57FCCE2185A7590055D8A2 /* MainWindowController.swift in Sources */ = {isa = PBXBuildFile; fileRef = 4E57FCCD2185A7590055D8A2 /* MainWindowController.swift */; };
		4E57FCD02185AF010055D8A2 /* LoginSuccesfulSegue.swift in Sources */ = {isa = PBXBuildFile; fileRef = 4E57FCCF2185AF010055D8A2 /* LoginSuccesfulSegue.swift */; };
		4E57FCD421860BA90055D8A2 /* LoginWindowController.swift in Sources */ = {isa = PBXBuildFile; fileRef = 4E57FCD321860BA90055D8A2 /* LoginWindowController.swift */; };
		4E68C3C32186117300E334CF /* MenuViewConrtoller.swift in Sources */ = {isa = PBXBuildFile; fileRef = 4E68C3C12186117300E334CF /* MenuViewConrtoller.swift */; };
		4ED79D2F218761E40052C07C /* MainViewController.swift in Sources */ = {isa = PBXBuildFile; fileRef = 4ED79D2E218761E40052C07C /* MainViewController.swift */; };
/* End PBXBuildFile section */

/* Begin PBXContainerItemProxy section */
		4E45AF55211B840100DD50FC /* PBXContainerItemProxy */ = {
			isa = PBXContainerItemProxy;
			containerPortal = 4E45AF3A211B83FC00DD50FC /* Project object */;
			proxyType = 1;
			remoteGlobalIDString = 4E45AF41211B83FC00DD50FC;
			remoteInfo = ToySpotyMac;
		};
		4E45AF60211B840100DD50FC /* PBXContainerItemProxy */ = {
			isa = PBXContainerItemProxy;
			containerPortal = 4E45AF3A211B83FC00DD50FC /* Project object */;
			proxyType = 1;
			remoteGlobalIDString = 4E45AF41211B83FC00DD50FC;
			remoteInfo = ToySpotyMac;
		};
/* End PBXContainerItemProxy section */

/* Begin PBXFileReference section */
		4E45AF42211B83FC00DD50FC /* ToySpotyMac.app */ = {isa = PBXFileReference; explicitFileType = wrapper.application; includeInIndex = 0; path = ToySpotyMac.app; sourceTree = BUILT_PRODUCTS_DIR; };
		4E45AF45211B83FC00DD50FC /* AppDelegate.swift */ = {isa = PBXFileReference; lastKnownFileType = sourcecode.swift; path = AppDelegate.swift; sourceTree = "<group>"; };
		4E45AF47211B83FD00DD50FC /* LoginViewController.swift */ = {isa = PBXFileReference; lastKnownFileType = sourcecode.swift; path = LoginViewController.swift; sourceTree = "<group>"; };
		4E45AF49211B840100DD50FC /* Assets.xcassets */ = {isa = PBXFileReference; lastKnownFileType = folder.assetcatalog; path = Assets.xcassets; sourceTree = "<group>"; };
		4E45AF4C211B840100DD50FC /* Base */ = {isa = PBXFileReference; lastKnownFileType = file.storyboard; name = Base; path = Base.lproj/Main.storyboard; sourceTree = "<group>"; };
		4E45AF4E211B840100DD50FC /* Info.plist */ = {isa = PBXFileReference; lastKnownFileType = text.plist.xml; path = Info.plist; sourceTree = "<group>"; };
		4E45AF4F211B840100DD50FC /* ToySpotyMac.entitlements */ = {isa = PBXFileReference; lastKnownFileType = text.plist.entitlements; path = ToySpotyMac.entitlements; sourceTree = "<group>"; };
		4E45AF54211B840100DD50FC /* ToySpotyMacTests.xctest */ = {isa = PBXFileReference; explicitFileType = wrapper.cfbundle; includeInIndex = 0; path = ToySpotyMacTests.xctest; sourceTree = BUILT_PRODUCTS_DIR; };
		4E45AF58211B840100DD50FC /* ToySpotyMacTests.swift */ = {isa = PBXFileReference; lastKnownFileType = sourcecode.swift; path = ToySpotyMacTests.swift; sourceTree = "<group>"; };
		4E45AF5A211B840100DD50FC /* Info.plist */ = {isa = PBXFileReference; lastKnownFileType = text.plist.xml; path = Info.plist; sourceTree = "<group>"; };
		4E45AF5F211B840100DD50FC /* ToySpotyMacUITests.xctest */ = {isa = PBXFileReference; explicitFileType = wrapper.cfbundle; includeInIndex = 0; path = ToySpotyMacUITests.xctest; sourceTree = BUILT_PRODUCTS_DIR; };
		4E45AF63211B840100DD50FC /* ToySpotyMacUITests.swift */ = {isa = PBXFileReference; lastKnownFileType = sourcecode.swift; path = ToySpotyMacUITests.swift; sourceTree = "<group>"; };
		4E45AF65211B840100DD50FC /* Info.plist */ = {isa = PBXFileReference; lastKnownFileType = text.plist.xml; path = Info.plist; sourceTree = "<group>"; };
		4E57FCCD2185A7590055D8A2 /* MainWindowController.swift */ = {isa = PBXFileReference; lastKnownFileType = sourcecode.swift; path = MainWindowController.swift; sourceTree = "<group>"; };
		4E57FCCF2185AF010055D8A2 /* LoginSuccesfulSegue.swift */ = {isa = PBXFileReference; lastKnownFileType = sourcecode.swift; path = LoginSuccesfulSegue.swift; sourceTree = "<group>"; };
		4E57FCD321860BA90055D8A2 /* LoginWindowController.swift */ = {isa = PBXFileReference; lastKnownFileType = sourcecode.swift; path = LoginWindowController.swift; sourceTree = "<group>"; };
		4E68C3C12186117300E334CF /* MenuViewConrtoller.swift */ = {isa = PBXFileReference; lastKnownFileType = sourcecode.swift; path = MenuViewConrtoller.swift; sourceTree = "<group>"; };
		4ED79D2E218761E40052C07C /* MainViewController.swift */ = {isa = PBXFileReference; lastKnownFileType = sourcecode.swift; path = MainViewController.swift; sourceTree = "<group>"; };
/* End PBXFileReference section */

/* Begin PBXFrameworksBuildPhase section */
		4E45AF3F211B83FC00DD50FC /* Frameworks */ = {
			isa = PBXFrameworksBuildPhase;
			buildActionMask = 2147483647;
			files = (
			);
			runOnlyForDeploymentPostprocessing = 0;
		};
		4E45AF51211B840100DD50FC /* Frameworks */ = {
			isa = PBXFrameworksBuildPhase;
			buildActionMask = 2147483647;
			files = (
			);
			runOnlyForDeploymentPostprocessing = 0;
		};
		4E45AF5C211B840100DD50FC /* Frameworks */ = {
			isa = PBXFrameworksBuildPhase;
			buildActionMask = 2147483647;
			files = (
			);
			runOnlyForDeploymentPostprocessing = 0;
		};
/* End PBXFrameworksBuildPhase section */

/* Begin PBXGroup section */
		4E45AF39211B83FC00DD50FC = {
			isa = PBXGroup;
			children = (
				4E45AF44211B83FC00DD50FC /* ToySpotyMac */,
				4E45AF57211B840100DD50FC /* ToySpotyMacTests */,
				4E45AF62211B840100DD50FC /* ToySpotyMacUITests */,
				4E45AF43211B83FC00DD50FC /* Products */,
			);
			sourceTree = "<group>";
		};
		4E45AF43211B83FC00DD50FC /* Products */ = {
			isa = PBXGroup;
			children = (
				4E45AF42211B83FC00DD50FC /* ToySpotyMac.app */,
				4E45AF54211B840100DD50FC /* ToySpotyMacTests.xctest */,
				4E45AF5F211B840100DD50FC /* ToySpotyMacUITests.xctest */,
			);
			name = Products;
			sourceTree = "<group>";
		};
		4E45AF44211B83FC00DD50FC /* ToySpotyMac */ = {
			isa = PBXGroup;
			children = (
				4E68C3C52186118600E334CF /* Model */,
				4E68C3C62186119400E334CF /* Controller */,
				4E45AF45211B83FC00DD50FC /* AppDelegate.swift */,
				4E45AF49211B840100DD50FC /* Assets.xcassets */,
				4E45AF4B211B840100DD50FC /* Main.storyboard */,
				4E45AF4E211B840100DD50FC /* Info.plist */,
				4E45AF4F211B840100DD50FC /* ToySpotyMac.entitlements */,
			);
			path = ToySpotyMac;
			sourceTree = "<group>";
		};
		4E45AF57211B840100DD50FC /* ToySpotyMacTests */ = {
			isa = PBXGroup;
			children = (
				4E45AF58211B840100DD50FC /* ToySpotyMacTests.swift */,
				4E45AF5A211B840100DD50FC /* Info.plist */,
			);
			path = ToySpotyMacTests;
			sourceTree = "<group>";
		};
		4E45AF62211B840100DD50FC /* ToySpotyMacUITests */ = {
			isa = PBXGroup;
			children = (
				4E45AF63211B840100DD50FC /* ToySpotyMacUITests.swift */,
				4E45AF65211B840100DD50FC /* Info.plist */,
			);
			path = ToySpotyMacUITests;
			sourceTree = "<group>";
		};
		4E68C3C52186118600E334CF /* Model */ = {
			isa = PBXGroup;
			children = (
			);
			path = Model;
			sourceTree = "<group>";
		};
		4E68C3C62186119400E334CF /* Controller */ = {
			isa = PBXGroup;
			children = (
				4E57FCCD2185A7590055D8A2 /* MainWindowController.swift */,
				4E68C3CA218611F200E334CF /* Login */,
				4E68C3C9218611CC00E334CF /* Segues */,
				4ED79D30218761E90052C07C /* Main */,
				4E68C3C8218611B800E334CF /* Menu */,
			);
			path = Controller;
			sourceTree = "<group>";
		};
		4E68C3C8218611B800E334CF /* Menu */ = {
			isa = PBXGroup;
			children = (
				4E68C3C12186117300E334CF /* MenuViewConrtoller.swift */,
			);
			path = Menu;
			sourceTree = "<group>";
		};
		4E68C3C9218611CC00E334CF /* Segues */ = {
			isa = PBXGroup;
			children = (
				4E57FCCF2185AF010055D8A2 /* LoginSuccesfulSegue.swift */,
			);
			path = Segues;
			sourceTree = "<group>";
		};
		4E68C3CA218611F200E334CF /* Login */ = {
			isa = PBXGroup;
			children = (
				4E57FCD321860BA90055D8A2 /* LoginWindowController.swift */,
				4E45AF47211B83FD00DD50FC /* LoginViewController.swift */,
			);
			path = Login;
			sourceTree = "<group>";
		};
		4ED79D30218761E90052C07C /* Main */ = {
			isa = PBXGroup;
			children = (
				4ED79D2E218761E40052C07C /* MainViewController.swift */,
			);
			path = Main;
			sourceTree = "<group>";
		};
/* End PBXGroup section */

/* Begin PBXNativeTarget section */
		4E45AF41211B83FC00DD50FC /* ToySpotyMac */ = {
			isa = PBXNativeTarget;
			buildConfigurationList = 4E45AF68211B840100DD50FC /* Build configuration list for PBXNativeTarget "ToySpotyMac" */;
			buildPhases = (
				4E45AF3E211B83FC00DD50FC /* Sources */,
				4E45AF3F211B83FC00DD50FC /* Frameworks */,
				4E45AF40211B83FC00DD50FC /* Resources */,
			);
			buildRules = (
			);
			dependencies = (
			);
			name = ToySpotyMac;
			productName = ToySpotyMac;
			productReference = 4E45AF42211B83FC00DD50FC /* ToySpotyMac.app */;
			productType = "com.apple.product-type.application";
		};
		4E45AF53211B840100DD50FC /* ToySpotyMacTests */ = {
			isa = PBXNativeTarget;
			buildConfigurationList = 4E45AF6B211B840100DD50FC /* Build configuration list for PBXNativeTarget "ToySpotyMacTests" */;
			buildPhases = (
				4E45AF50211B840100DD50FC /* Sources */,
				4E45AF51211B840100DD50FC /* Frameworks */,
				4E45AF52211B840100DD50FC /* Resources */,
			);
			buildRules = (
			);
			dependencies = (
				4E45AF56211B840100DD50FC /* PBXTargetDependency */,
			);
			name = ToySpotyMacTests;
			productName = ToySpotyMacTests;
			productReference = 4E45AF54211B840100DD50FC /* ToySpotyMacTests.xctest */;
			productType = "com.apple.product-type.bundle.unit-test";
		};
		4E45AF5E211B840100DD50FC /* ToySpotyMacUITests */ = {
			isa = PBXNativeTarget;
			buildConfigurationList = 4E45AF6E211B840100DD50FC /* Build configuration list for PBXNativeTarget "ToySpotyMacUITests" */;
			buildPhases = (
				4E45AF5B211B840100DD50FC /* Sources */,
				4E45AF5C211B840100DD50FC /* Frameworks */,
				4E45AF5D211B840100DD50FC /* Resources */,
			);
			buildRules = (
			);
			dependencies = (
				4E45AF61211B840100DD50FC /* PBXTargetDependency */,
			);
			name = ToySpotyMacUITests;
			productName = ToySpotyMacUITests;
			productReference = 4E45AF5F211B840100DD50FC /* ToySpotyMacUITests.xctest */;
			productType = "com.apple.product-type.bundle.ui-testing";
		};
/* End PBXNativeTarget section */

/* Begin PBXProject section */
		4E45AF3A211B83FC00DD50FC /* Project object */ = {
			isa = PBXProject;
			attributes = {
				LastSwiftUpdateCheck = 1000;
				LastUpgradeCheck = 1000;
				ORGANIZATIONNAME = "Anton Kuzmin";
				TargetAttributes = {
					4E45AF41211B83FC00DD50FC = {
						CreatedOnToolsVersion = 10.0;
					};
					4E45AF53211B840100DD50FC = {
						CreatedOnToolsVersion = 10.0;
						TestTargetID = 4E45AF41211B83FC00DD50FC;
					};
					4E45AF5E211B840100DD50FC = {
						CreatedOnToolsVersion = 10.0;
						TestTargetID = 4E45AF41211B83FC00DD50FC;
					};
				};
			};
			buildConfigurationList = 4E45AF3D211B83FC00DD50FC /* Build configuration list for PBXProject "ToySpotyMac" */;
			compatibilityVersion = "Xcode 9.3";
			developmentRegion = en;
			hasScannedForEncodings = 0;
			knownRegions = (
				en,
				Base,
			);
			mainGroup = 4E45AF39211B83FC00DD50FC;
			productRefGroup = 4E45AF43211B83FC00DD50FC /* Products */;
			projectDirPath = "";
			projectRoot = "";
			targets = (
				4E45AF41211B83FC00DD50FC /* ToySpotyMac */,
				4E45AF53211B840100DD50FC /* ToySpotyMacTests */,
				4E45AF5E211B840100DD50FC /* ToySpotyMacUITests */,
			);
		};
/* End PBXProject section */

/* Begin PBXResourcesBuildPhase section */
		4E45AF40211B83FC00DD50FC /* Resources */ = {
			isa = PBXResourcesBuildPhase;
			buildActionMask = 2147483647;
			files = (
				4E45AF4A211B840100DD50FC /* Assets.xcassets in Resources */,
				4E45AF4D211B840100DD50FC /* Main.storyboard in Resources */,
			);
			runOnlyForDeploymentPostprocessing = 0;
		};
		4E45AF52211B840100DD50FC /* Resources */ = {
			isa = PBXResourcesBuildPhase;
			buildActionMask = 2147483647;
			files = (
			);
			runOnlyForDeploymentPostprocessing = 0;
		};
		4E45AF5D211B840100DD50FC /* Resources */ = {
			isa = PBXResourcesBuildPhase;
			buildActionMask = 2147483647;
			files = (
			);
			runOnlyForDeploymentPostprocessing = 0;
		};
/* End PBXResourcesBuildPhase section */

/* Begin PBXSourcesBuildPhase section */
		4E45AF3E211B83FC00DD50FC /* Sources */ = {
			isa = PBXSourcesBuildPhase;
			buildActionMask = 2147483647;
			files = (
				4ED79D2F218761E40052C07C /* MainViewController.swift in Sources */,
				4E45AF48211B83FD00DD50FC /* LoginViewController.swift in Sources */,
				4E45AF46211B83FC00DD50FC /* AppDelegate.swift in Sources */,
				4E57FCD421860BA90055D8A2 /* LoginWindowController.swift in Sources */,
				4E68C3C32186117300E334CF /* MenuViewConrtoller.swift in Sources */,
				4E57FCCE2185A7590055D8A2 /* MainWindowController.swift in Sources */,
				4E57FCD02185AF010055D8A2 /* LoginSuccesfulSegue.swift in Sources */,
			);
			runOnlyForDeploymentPostprocessing = 0;
		};
		4E45AF50211B840100DD50FC /* Sources */ = {
			isa = PBXSourcesBuildPhase;
			buildActionMask = 2147483647;
			files = (
				4E45AF59211B840100DD50FC /* ToySpotyMacTests.swift in Sources */,
			);
			runOnlyForDeploymentPostprocessing = 0;
		};
		4E45AF5B211B840100DD50FC /* Sources */ = {
			isa = PBXSourcesBuildPhase;
			buildActionMask = 2147483647;
			files = (
				4E45AF64211B840100DD50FC /* ToySpotyMacUITests.swift in Sources */,
			);
			runOnlyForDeploymentPostprocessing = 0;
		};
/* End PBXSourcesBuildPhase section */

/* Begin PBXTargetDependency section */
		4E45AF56211B840100DD50FC /* PBXTargetDependency */ = {
			isa = PBXTargetDependency;
			target = 4E45AF41211B83FC00DD50FC /* ToySpotyMac */;
			targetProxy = 4E45AF55211B840100DD50FC /* PBXContainerItemProxy */;
		};
		4E45AF61211B840100DD50FC /* PBXTargetDependency */ = {
			isa = PBXTargetDependency;
			target = 4E45AF41211B83FC00DD50FC /* ToySpotyMac */;
			targetProxy = 4E45AF60211B840100DD50FC /* PBXContainerItemProxy */;
		};
/* End PBXTargetDependency section */

/* Begin PBXVariantGroup section */
		4E45AF4B211B840100DD50FC /* Main.storyboard */ = {
			isa = PBXVariantGroup;
			children = (
				4E45AF4C211B840100DD50FC /* Base */,
			);
			name = Main.storyboard;
			sourceTree = "<group>";
		};
/* End PBXVariantGroup section */

/* Begin XCBuildConfiguration section */
		4E45AF66211B840100DD50FC /* Debug */ = {
			isa = XCBuildConfiguration;
			buildSettings = {
				ALWAYS_SEARCH_USER_PATHS = NO;
				CLANG_ANALYZER_NONNULL = YES;
				CLANG_ANALYZER_NUMBER_OBJECT_CONVERSION = YES_AGGRESSIVE;
				CLANG_CXX_LANGUAGE_STANDARD = "gnu++14";
				CLANG_CXX_LIBRARY = "libc++";
				CLANG_ENABLE_MODULES = YES;
				CLANG_ENABLE_OBJC_ARC = YES;
				CLANG_ENABLE_OBJC_WEAK = YES;
				CLANG_WARN_BLOCK_CAPTURE_AUTORELEASING = YES;
				CLANG_WARN_BOOL_CONVERSION = YES;
				CLANG_WARN_COMMA = YES;
				CLANG_WARN_CONSTANT_CONVERSION = YES;
				CLANG_WARN_DEPRECATED_OBJC_IMPLEMENTATIONS = YES;
				CLANG_WARN_DIRECT_OBJC_ISA_USAGE = YES_ERROR;
				CLANG_WARN_DOCUMENTATION_COMMENTS = YES;
				CLANG_WARN_EMPTY_BODY = YES;
				CLANG_WARN_ENUM_CONVERSION = YES;
				CLANG_WARN_INFINITE_RECURSION = YES;
				CLANG_WARN_INT_CONVERSION = YES;
				CLANG_WARN_NON_LITERAL_NULL_CONVERSION = YES;
				CLANG_WARN_OBJC_IMPLICIT_RETAIN_SELF = YES;
				CLANG_WARN_OBJC_LITERAL_CONVERSION = YES;
				CLANG_WARN_OBJC_ROOT_CLASS = YES_ERROR;
				CLANG_WARN_RANGE_LOOP_ANALYSIS = YES;
				CLANG_WARN_STRICT_PROTOTYPES = YES;
				CLANG_WARN_SUSPICIOUS_MOVE = YES;
				CLANG_WARN_UNGUARDED_AVAILABILITY = YES_AGGRESSIVE;
				CLANG_WARN_UNREACHABLE_CODE = YES;
				CLANG_WARN__DUPLICATE_METHOD_MATCH = YES;
				CODE_SIGN_IDENTITY = "-";
				COPY_PHASE_STRIP = NO;
				DEBUG_INFORMATION_FORMAT = dwarf;
				ENABLE_STRICT_OBJC_MSGSEND = YES;
				ENABLE_TESTABILITY = YES;
				GCC_C_LANGUAGE_STANDARD = gnu11;
				GCC_DYNAMIC_NO_PIC = NO;
				GCC_NO_COMMON_BLOCKS = YES;
				GCC_OPTIMIZATION_LEVEL = 0;
				GCC_PREPROCESSOR_DEFINITIONS = (
					"DEBUG=1",
					"$(inherited)",
				);
				GCC_WARN_64_TO_32_BIT_CONVERSION = YES;
				GCC_WARN_ABOUT_RETURN_TYPE = YES_ERROR;
				GCC_WARN_UNDECLARED_SELECTOR = YES;
				GCC_WARN_UNINITIALIZED_AUTOS = YES_AGGRESSIVE;
				GCC_WARN_UNUSED_FUNCTION = YES;
				GCC_WARN_UNUSED_VARIABLE = YES;
				MACOSX_DEPLOYMENT_TARGET = 10.14;
				MTL_ENABLE_DEBUG_INFO = INCLUDE_SOURCE;
				MTL_FAST_MATH = YES;
				ONLY_ACTIVE_ARCH = YES;
				SDKROOT = macosx;
				SWIFT_ACTIVE_COMPILATION_CONDITIONS = DEBUG;
				SWIFT_OPTIMIZATION_LEVEL = "-Onone";
			};
			name = Debug;
		};
		4E45AF67211B840100DD50FC /* Release */ = {
			isa = XCBuildConfiguration;
			buildSettings = {
				ALWAYS_SEARCH_USER_PATHS = NO;
				CLANG_ANALYZER_NONNULL = YES;
				CLANG_ANALYZER_NUMBER_OBJECT_CONVERSION = YES_AGGRESSIVE;
				CLANG_CXX_LANGUAGE_STANDARD = "gnu++14";
				CLANG_CXX_LIBRARY = "libc++";
				CLANG_ENABLE_MODULES = YES;
				CLANG_ENABLE_OBJC_ARC = YES;
				CLANG_ENABLE_OBJC_WEAK = YES;
				CLANG_WARN_BLOCK_CAPTURE_AUTORELEASING = YES;
				CLANG_WARN_BOOL_CONVERSION = YES;
				CLANG_WARN_COMMA = YES;
				CLANG_WARN_CONSTANT_CONVERSION = YES;
				CLANG_WARN_DEPRECATED_OBJC_IMPLEMENTATIONS = YES;
				CLANG_WARN_DIRECT_OBJC_ISA_USAGE = YES_ERROR;
				CLANG_WARN_DOCUMENTATION_COMMENTS = YES;
				CLANG_WARN_EMPTY_BODY = YES;
				CLANG_WARN_ENUM_CONVERSION = YES;
				CLANG_WARN_INFINITE_RECURSION = YES;
				CLANG_WARN_INT_CONVERSION = YES;
				CLANG_WARN_NON_LITERAL_NULL_CONVERSION = YES;
				CLANG_WARN_OBJC_IMPLICIT_RETAIN_SELF = YES;
				CLANG_WARN_OBJC_LITERAL_CONVERSION = YES;
				CLANG_WARN_OBJC_ROOT_CLASS = YES_ERROR;
				CLANG_WARN_RANGE_LOOP_ANALYSIS = YES;
				CLANG_WARN_STRICT_PROTOTYPES = YES;
				CLANG_WARN_SUSPICIOUS_MOVE = YES;
				CLANG_WARN_UNGUARDED_AVAILABILITY = YES_AGGRESSIVE;
				CLANG_WARN_UNREACHABLE_CODE = YES;
				CLANG_WARN__DUPLICATE_METHOD_MATCH = YES;
				CODE_SIGN_IDENTITY = "-";
				COPY_PHASE_STRIP = NO;
				DEBUG_INFORMATION_FORMAT = "dwarf-with-dsym";
				ENABLE_NS_ASSERTIONS = NO;
				ENABLE_STRICT_OBJC_MSGSEND = YES;
				GCC_C_LANGUAGE_STANDARD = gnu11;
				GCC_NO_COMMON_BLOCKS = YES;
				GCC_WARN_64_TO_32_BIT_CONVERSION = YES;
				GCC_WARN_ABOUT_RETURN_TYPE = YES_ERROR;
				GCC_WARN_UNDECLARED_SELECTOR = YES;
				GCC_WARN_UNINITIALIZED_AUTOS = YES_AGGRESSIVE;
				GCC_WARN_UNUSED_FUNCTION = YES;
				GCC_WARN_UNUSED_VARIABLE = YES;
				MACOSX_DEPLOYMENT_TARGET = 10.14;
				MTL_ENABLE_DEBUG_INFO = NO;
				MTL_FAST_MATH = YES;
				SDKROOT = macosx;
				SWIFT_COMPILATION_MODE = wholemodule;
				SWIFT_OPTIMIZATION_LEVEL = "-O";
			};
			name = Release;
		};
		4E45AF69211B840100DD50FC /* Debug */ = {
			isa = XCBuildConfiguration;
			buildSettings = {
				ASSETCATALOG_COMPILER_APPICON_NAME = AppIcon;
				CODE_SIGN_ENTITLEMENTS = ToySpotyMac/ToySpotyMac.entitlements;
				CODE_SIGN_STYLE = Automatic;
				COMBINE_HIDPI_IMAGES = YES;
				INFOPLIST_FILE = ToySpotyMac/Info.plist;
				LD_RUNPATH_SEARCH_PATHS = (
					"$(inherited)",
					"@executable_path/../Frameworks",
				);
				PRODUCT_BUNDLE_IDENTIFIER = AK.ToySpotyMac;
				PRODUCT_NAME = "$(TARGET_NAME)";
				SWIFT_VERSION = 4.2;
			};
			name = Debug;
		};
		4E45AF6A211B840100DD50FC /* Release */ = {
			isa = XCBuildConfiguration;
			buildSettings = {
				ASSETCATALOG_COMPILER_APPICON_NAME = AppIcon;
				CODE_SIGN_ENTITLEMENTS = ToySpotyMac/ToySpotyMac.entitlements;
				CODE_SIGN_STYLE = Automatic;
				COMBINE_HIDPI_IMAGES = YES;
				INFOPLIST_FILE = ToySpotyMac/Info.plist;
				LD_RUNPATH_SEARCH_PATHS = (
					"$(inherited)",
					"@executable_path/../Frameworks",
				);
				PRODUCT_BUNDLE_IDENTIFIER = AK.ToySpotyMac;
				PRODUCT_NAME = "$(TARGET_NAME)";
				SWIFT_VERSION = 4.2;
			};
			name = Release;
		};
		4E45AF6C211B840100DD50FC /* Debug */ = {
			isa = XCBuildConfiguration;
			buildSettings = {
				ALWAYS_EMBED_SWIFT_STANDARD_LIBRARIES = YES;
				BUNDLE_LOADER = "$(TEST_HOST)";
				CODE_SIGN_STYLE = Automatic;
				COMBINE_HIDPI_IMAGES = YES;
				INFOPLIST_FILE = ToySpotyMacTests/Info.plist;
				LD_RUNPATH_SEARCH_PATHS = (
					"$(inherited)",
					"@executable_path/../Frameworks",
					"@loader_path/../Frameworks",
				);
				PRODUCT_BUNDLE_IDENTIFIER = AK.ToySpotyMacTests;
				PRODUCT_NAME = "$(TARGET_NAME)";
				SWIFT_VERSION = 4.2;
				TEST_HOST = "$(BUILT_PRODUCTS_DIR)/ToySpotyMac.app/Contents/MacOS/ToySpotyMac";
			};
			name = Debug;
		};
		4E45AF6D211B840100DD50FC /* Release */ = {
			isa = XCBuildConfiguration;
			buildSettings = {
				ALWAYS_EMBED_SWIFT_STANDARD_LIBRARIES = YES;
				BUNDLE_LOADER = "$(TEST_HOST)";
				CODE_SIGN_STYLE = Automatic;
				COMBINE_HIDPI_IMAGES = YES;
				INFOPLIST_FILE = ToySpotyMacTests/Info.plist;
				LD_RUNPATH_SEARCH_PATHS = (
					"$(inherited)",
					"@executable_path/../Frameworks",
					"@loader_path/../Frameworks",
				);
				PRODUCT_BUNDLE_IDENTIFIER = AK.ToySpotyMacTests;
				PRODUCT_NAME = "$(TARGET_NAME)";
				SWIFT_VERSION = 4.2;
				TEST_HOST = "$(BUILT_PRODUCTS_DIR)/ToySpotyMac.app/Contents/MacOS/ToySpotyMac";
			};
			name = Release;
		};
		4E45AF6F211B840100DD50FC /* Debug */ = {
			isa = XCBuildConfiguration;
			buildSettings = {
				ALWAYS_EMBED_SWIFT_STANDARD_LIBRARIES = YES;
				CODE_SIGN_STYLE = Automatic;
				COMBINE_HIDPI_IMAGES = YES;
				INFOPLIST_FILE = ToySpotyMacUITests/Info.plist;
				LD_RUNPATH_SEARCH_PATHS = (
					"$(inherited)",
					"@executable_path/../Frameworks",
					"@loader_path/../Frameworks",
				);
				PRODUCT_BUNDLE_IDENTIFIER = AK.ToySpotyMacUITests;
				PRODUCT_NAME = "$(TARGET_NAME)";
				SWIFT_VERSION = 4.2;
				TEST_TARGET_NAME = ToySpotyMac;
			};
			name = Debug;
		};
		4E45AF70211B840100DD50FC /* Release */ = {
			isa = XCBuildConfiguration;
			buildSettings = {
				ALWAYS_EMBED_SWIFT_STANDARD_LIBRARIES = YES;
				CODE_SIGN_STYLE = Automatic;
				COMBINE_HIDPI_IMAGES = YES;
				INFOPLIST_FILE = ToySpotyMacUITests/Info.plist;
				LD_RUNPATH_SEARCH_PATHS = (
					"$(inherited)",
					"@executable_path/../Frameworks",
					"@loader_path/../Frameworks",
				);
				PRODUCT_BUNDLE_IDENTIFIER = AK.ToySpotyMacUITests;
				PRODUCT_NAME = "$(TARGET_NAME)";
				SWIFT_VERSION = 4.2;
				TEST_TARGET_NAME = ToySpotyMac;
			};
			name = Release;
		};
/* End XCBuildConfiguration section */

/* Begin XCConfigurationList section */
		4E45AF3D211B83FC00DD50FC /* Build configuration list for PBXProject "ToySpotyMac" */ = {
			isa = XCConfigurationList;
			buildConfigurations = (
				4E45AF66211B840100DD50FC /* Debug */,
				4E45AF67211B840100DD50FC /* Release */,
			);
			defaultConfigurationIsVisible = 0;
			defaultConfigurationName = Release;
		};
		4E45AF68211B840100DD50FC /* Build configuration list for PBXNativeTarget "ToySpotyMac" */ = {
			isa = XCConfigurationList;
			buildConfigurations = (
				4E45AF69211B840100DD50FC /* Debug */,
				4E45AF6A211B840100DD50FC /* Release */,
			);
			defaultConfigurationIsVisible = 0;
			defaultConfigurationName = Release;
		};
		4E45AF6B211B840100DD50FC /* Build configuration list for PBXNativeTarget "ToySpotyMacTests" */ = {
			isa = XCConfigurationList;
			buildConfigurations = (
				4E45AF6C211B840100DD50FC /* Debug */,
				4E45AF6D211B840100DD50FC /* Release */,
			);
			defaultConfigurationIsVisible = 0;
			defaultConfigurationName = Release;
		};
		4E45AF6E211B840100DD50FC /* Build configuration list for PBXNativeTarget "ToySpotyMacUITests" */ = {
			isa = XCConfigurationList;
			buildConfigurations = (
				4E45AF6F211B840100DD50FC /* Debug */,
				4E45AF70211B840100DD50FC /* Release */,
			);
			defaultConfigurationIsVisible = 0;
			defaultConfigurationName = Release;
		};
/* End XCConfigurationList section */
	};
	rootObject = 4E45AF3A211B83FC00DD50FC /* Project object */;
}
